# This file is autogenerated, do not edit; changes may be undone by the next 'dep ensure'.


[[projects]]
  name = "github.com/Songmu/retry"
  packages = ["."]
  revision = "3a202b1bab4254860f7f71d04c28133026100493"
  version = "v0.0.1"

[[projects]]
  branch = "master"
  name = "github.com/client9/reopen"
  packages = ["."]
  revision = "1a6ccbeaae3f56aa0058f5491382cb21726e214e"

[[projects]]
  branch = "master"
  name = "github.com/golang/protobuf"
  packages = ["jsonpb","proto","ptypes","ptypes/any","ptypes/duration","ptypes/struct","ptypes/timestamp"]
  revision = "130e6b02ab059e7b717a096f397c5b60111cae74"

[[projects]]
  branch = "master"
  name = "github.com/grpc-ecosystem/go-grpc-middleware"
  packages = [".","logging","logging/zap","tags"]
  revision = "645b33ed7ba8739747bf2df55d0349d4bba2e7f6"

[[projects]]
  branch = "master"
  name = "github.com/kayac/go-katsubushi"
  packages = ["."]
  revision = "0256903db1694d542b7aa903f2ad501713687881"

[[projects]]
  name = "github.com/mattn/go-runewidth"
  packages = ["."]
  revision = "9e777a8366cce605130a531d2cd6363d07ad7317"
  version = "v0.0.2"

[[projects]]
  branch = "master"
  name = "github.com/olekukonko/tablewriter"
  packages = ["."]
  revision = "0fd34425a5aee40ff3f260b34e6c3b0d59f58c66"

[[projects]]
  branch = "master"
  name = "github.com/orcaman/concurrent-map"
  packages = ["."]
  revision = "2ae17bc4c860c83513ee50feb9746f3e50d7515d"

[[projects]]
  branch = "master"
  name = "github.com/pkg/errors"
  packages = ["."]
  revision = "2b3a18b5f0fb6b4f9190549597d3f962c02bc5eb"

[[projects]]
  branch = "master"
  name = "github.com/urfave/cli"
  packages = ["."]
  revision = "7fb9c86b14e6a702a4157ccb5a863f07d844a207"

[[projects]]
  name = "go.uber.org/atomic"
  packages = ["."]
  revision = "4e336646b2ef9fc6e47be8e21594178f98e5ebcf"
  version = "v1.2.0"

[[projects]]
  name = "go.uber.org/multierr"
  packages = ["."]
  revision = "3c4937480c32f4c13a875a1829af76c98ca3d40a"
  version = "v1.1.0"

[[projects]]
  name = "go.uber.org/zap"
  packages = [".","buffer","internal/bufferpool","internal/color","internal/exit","zapcore"]
  revision = "7a9ca91fa627ed52c7ff4fcc95cd044dc2c82a51"
  version = "v1.7.0"

[[projects]]
  branch = "master"
  name = "golang.org/x/net"
  packages = ["context","http2","http2/hpack","idna","internal/timeseries","lex/httplex","trace"]
  revision = "0744d001aa8470aaa53df28d32e5ceeb8af9bd70"

[[projects]]
  branch = "master"
  name = "golang.org/x/text"
  packages = ["collate","collate/build","internal/colltab","internal/gen","internal/tag","internal/triegen","internal/ucd","language","secure/bidirule","transform","unicode/bidi","unicode/cldr","unicode/norm","unicode/rangetable"]
  revision = "1cbadb444a806fd9430d14ad08967ed91da4fa0a"

[[projects]]
  branch = "master"
  name = "google.golang.org/genproto"
  packages = ["googleapis/rpc/status"]
  revision = "1e559d0a00eef8a9a43151db4665280bd8dd5886"

[[projects]]
  name = "google.golang.org/grpc"
  packages = [".","codes","connectivity","credentials","grpclb/grpc_lb_v1/messages","grpclog","internal","keepalive","metadata","naming","peer","stats","status","tap","transport"]
  revision = "f92cdcd7dcdc69e81b2d7b338479a19a8723cfa3"
  version = "v1.6.0"

[solve-meta]
  analyzer-name = "dep"
  analyzer-version = 1
  inputs-digest = "95222223b0d428f3e124af363a3b6ec0ec735d3deda41b2583da30c4b74a0d2f"
  solver-name = "gps-cdcl"
  solver-version = 1
