# This file is autogenerated, do not edit; changes may be undone by the next 'dep ensure'.


[[projects]]
  digest = "1:dc12307132fe57ec3fd0d0f0dbeb91f7dd4c0fc7df0a1d816cf2e3ff1cb8ec32"
  name = "github.com/Songmu/retry"
  packages = ["."]
  pruneopts = ""
  revision = "3a202b1bab4254860f7f71d04c28133026100493"
  version = "v0.0.1"

[[projects]]
  branch = "master"
  digest = "1:666d6afa04b47ffbb66a1ff499668e20fa8111ed80c7b8eac508ba48597c4d1c"
  name = "github.com/client9/reopen"
  packages = ["."]
  pruneopts = ""
  revision = "1a6ccbeaae3f56aa0058f5491382cb21726e214e"

[[projects]]
  branch = "master"
  digest = "1:27854310d59099f8dcc61dd8af4a69f0a3597f001154b2fb4d1c41baf2e31ec1"
  name = "github.com/golang/protobuf"
  packages = [
    "jsonpb",
    "proto",
    "ptypes",
    "ptypes/any",
    "ptypes/duration",
    "ptypes/struct",
    "ptypes/timestamp",
  ]
  pruneopts = ""
  revision = "130e6b02ab059e7b717a096f397c5b60111cae74"

[[projects]]
  branch = "master"
  digest = "1:4dff0f63edc4ade754c1b97d4268973de82d145273c4c4c23b29cc2fbb511fb9"
  name = "github.com/grpc-ecosystem/go-grpc-middleware"
  packages = [
    ".",
    "logging",
    "logging/zap",
    "tags",
  ]
  pruneopts = ""
  revision = "645b33ed7ba8739747bf2df55d0349d4bba2e7f6"

[[projects]]
  branch = "master"
  digest = "1:509596461d5e09f6fc419237b0eb71825f2ba4b21e642b4d3615131779feffd2"
  name = "github.com/kayac/go-katsubushi"
  packages = ["."]
  pruneopts = ""
  revision = "0256903db1694d542b7aa903f2ad501713687881"

[[projects]]
  digest = "1:81e673df85e765593a863f67cba4544cf40e8919590f04d67664940786c2b61a"
  name = "github.com/mattn/go-runewidth"
  packages = ["."]
  pruneopts = ""
  revision = "9e777a8366cce605130a531d2cd6363d07ad7317"
  version = "v0.0.2"

[[projects]]
  branch = "master"
  digest = "1:cad927f8281160e1cd4065f861faefb276c95dee2b8ea5b10ae56baed16e8e68"
  name = "github.com/olekukonko/tablewriter"
  packages = ["."]
  pruneopts = ""
  revision = "0fd34425a5aee40ff3f260b34e6c3b0d59f58c66"

[[projects]]
  branch = "master"
  digest = "1:f8477c103e819941c511e66fa6f993dbd50353420f25f9a2b85f6577820c437e"
  name = "github.com/orcaman/concurrent-map"
  packages = ["."]
  pruneopts = ""
  revision = "2ae17bc4c860c83513ee50feb9746f3e50d7515d"

[[projects]]
  branch = "master"
  digest = "1:76b69fea1cc3859b4985c254a8a9882b6f504bacadebb41cb72c345bd95a8b8e"
  name = "github.com/pkg/errors"
  packages = ["."]
  pruneopts = ""
  revision = "2b3a18b5f0fb6b4f9190549597d3f962c02bc5eb"

[[projects]]
  branch = "master"
  digest = "1:7306afee858b502ffe49a812372e7f17b5847029dbcdf2c5f66e66060c5d2857"
  name = "github.com/urfave/cli"
  packages = ["."]
  pruneopts = ""
  revision = "7fb9c86b14e6a702a4157ccb5a863f07d844a207"

[[projects]]
  digest = "1:53a6fbacf8dce8fc9cbd4fab6a56eb169be7cb79b9fe601a152d6d9af68312bb"
  name = "go.uber.org/atomic"
  packages = ["."]
  pruneopts = ""
  revision = "4e336646b2ef9fc6e47be8e21594178f98e5ebcf"
  version = "v1.2.0"

[[projects]]
  digest = "1:22c7effcb4da0eacb2bb1940ee173fac010e9ef3c691f5de4b524d538bd980f5"
  name = "go.uber.org/multierr"
  packages = ["."]
  pruneopts = ""
  revision = "3c4937480c32f4c13a875a1829af76c98ca3d40a"
  version = "v1.1.0"

[[projects]]
  branch = "master"
  digest = "1:141236f916c9d511bf965921d85130451d995ea317f44dc51887fecaaa3f24ab"
  name = "go.uber.org/zap"
  packages = [
    ".",
    "buffer",
    "internal/bufferpool",
    "internal/color",
    "internal/exit",
    "zapcore",
  ]
  pruneopts = ""
  revision = "67bc79d13d155c02fd008f721863ff8cc5f30659"

[[projects]]
  branch = "master"
  digest = "1:d95911561cda18ce774be0702e42b8fa61a24180fbab22d9448c7a0a309b443e"
  name = "golang.org/x/net"
  packages = [
    "context",
    "http2",
    "http2/hpack",
    "idna",
    "internal/timeseries",
    "lex/httplex",
    "trace",
  ]
  pruneopts = ""
  revision = "0744d001aa8470aaa53df28d32e5ceeb8af9bd70"

[[projects]]
  branch = "master"
  digest = "1:6ffd50f330d82d5a92f109253f3831900ccb99f973fb7d614e54ceaf6a41dcec"
  name = "golang.org/x/text"
  packages = [
    "collate",
    "collate/build",
    "internal/colltab",
    "internal/gen",
    "internal/tag",
    "internal/triegen",
    "internal/ucd",
    "language",
    "secure/bidirule",
    "transform",
    "unicode/bidi",
    "unicode/cldr",
    "unicode/norm",
    "unicode/rangetable",
  ]
  pruneopts = ""
  revision = "1cbadb444a806fd9430d14ad08967ed91da4fa0a"

[[projects]]
  branch = "master"
  digest = "1:ba4ae7dbd81260ab8819e6eaf4abe8e70fbeb58f3602ac8bfa56ad84abbd6f7d"
  name = "google.golang.org/genproto"
  packages = ["googleapis/rpc/status"]
  pruneopts = ""
  revision = "1e559d0a00eef8a9a43151db4665280bd8dd5886"

[[projects]]
  digest = "1:b3c989821c14a572c49a8091fd1e832a5e53d3ae2fbf90ed3ea46cef4863aad9"
  name = "google.golang.org/grpc"
  packages = [
    ".",
    "codes",
    "connectivity",
    "credentials",
    "grpclb/grpc_lb_v1/messages",
    "grpclog",
    "internal",
    "keepalive",
    "metadata",
    "naming",
    "peer",
    "stats",
    "status",
    "tap",
    "transport",
  ]
  pruneopts = ""
  revision = "f92cdcd7dcdc69e81b2d7b338479a19a8723cfa3"
  version = "v1.6.0"

[solve-meta]
  analyzer-name = "dep"
  analyzer-version = 1
  input-imports = [
    "github.com/client9/reopen",
    "github.com/golang/protobuf/proto",
    "github.com/grpc-ecosystem/go-grpc-middleware",
    "github.com/grpc-ecosystem/go-grpc-middleware/logging/zap",
    "github.com/kayac/go-katsubushi",
    "github.com/olekukonko/tablewriter",
    "github.com/orcaman/concurrent-map",
    "github.com/pkg/errors",
    "github.com/urfave/cli",
    "go.uber.org/zap",
    "go.uber.org/zap/zapcore",
    "golang.org/x/net/context",
    "google.golang.org/grpc",
  ]
  solver-name = "gps-cdcl"
  solver-version = 1
